{
  "nodes": {
    "devshell": {
      "inputs": {
        "nixpkgs": [
          "ethereum-nix",
          "nixpkgs"
        ]
      },
      "locked": {
        "lastModified": 1764011051,
        "narHash": "sha256-M7SZyPZiqZUR/EiiBJnmyUbOi5oE/03tCeFrTiUZchI=",
        "owner": "numtide",
        "repo": "devshell",
        "rev": "17ed8d9744ebe70424659b0ef74ad6d41fc87071",
        "type": "github"
      },
      "original": {
        "owner": "numtide",
        "repo": "devshell",
        "type": "github"
      }
    },
    "disko": {
      "inputs": {
        "nixpkgs": [
          "nixpkgs"
        ]
      },
      "locked": {
        "lastModified": 1768727946,
        "narHash": "sha256-le2GY+ZR6uRHMuOAc60sBR3gBD2BEk1qOZ3S5C/XFpU=",
        "owner": "nix-community",
        "repo": "disko",
        "rev": "558e84658d0eafc812497542ad6ca0d9654b3b0f",
        "type": "github"
      },
      "original": {
        "owner": "nix-community",
        "repo": "disko",
        "type": "github"
      }
    },
    "ethereum-nix": {
      "inputs": {
        "devshell": "devshell",
        "flake-parts": "flake-parts",
        "flake-utils": "flake-utils",
        "foundry-nix": "foundry-nix",
        "nixpkgs": [
          "nixpkgs"
        ],
        "nixpkgs-unstable": "nixpkgs-unstable",
        "systems": "systems",
        "treefmt-nix": "treefmt-nix"
      },
      "locked": {
        "lastModified": 1768674727,
        "narHash": "sha256-CQ1ZHE2n+fcLWLUdlpIuhoKF3ZyvNVfdB6oewXqbNw4=",
        "owner": "nix-community",
        "repo": "ethereum.nix",
        "rev": "3d1968035205b45a23c07df601db5096b851af8b",
        "type": "github"
      },
      "original": {
        "owner": "nix-community",
        "repo": "ethereum.nix",
        "type": "github"
      }
    },
    "extra-container": {
      "inputs": {
        "flake-utils": [
          "nix-bitcoin",
          "flake-utils"
        ],
        "nixpkgs": [
          "nix-bitcoin",
          "nixpkgs"
        ]
      },
      "locked": {
        "lastModified": 1766155727,
        "narHash": "sha256-XGp4HHH6D6ZKiO5RnMzqYJYnZB538EnEflvlTsOKpvo=",
        "owner": "erikarvstedt",
        "repo": "extra-container",
        "rev": "b450bdb24fca1076973c852d87bcb49b8eb5fd49",
        "type": "github"
      },
      "original": {
        "owner": "erikarvstedt",
        "ref": "0.14",
        "repo": "extra-container",
        "type": "github"
      }
    },
    "flake-compat": {
      "flake": false,
      "locked": {
        "lastModified": 1767039857,
        "narHash": "sha256-vNpUSpF5Nuw8xvDLj2KCwwksIbjua2LZCqhV1LNRDns=",
        "owner": "NixOS",
        "repo": "flake-compat",
        "rev": "5edf11c44bc78a0d334f6334cdaf7d60d732daab",
        "type": "github"
      },
      "original": {
        "owner": "NixOS",
        "repo": "flake-compat",
        "type": "github"
      }
    },
    "flake-parts": {
      "inputs": {
        "nixpkgs-lib": "nixpkgs-lib"
      },
      "locked": {
        "lastModified": 1768135262,
        "narHash": "sha256-PVvu7OqHBGWN16zSi6tEmPwwHQ4rLPU9Plvs8/1TUBY=",
        "owner": "hercules-ci",
        "repo": "flake-parts",
        "rev": "80daad04eddbbf5a4d883996a73f3f542fa437ac",
        "type": "github"
      },
      "original": {
        "owner": "hercules-ci",
        "repo": "flake-parts",
        "type": "github"
      }
    },
    "flake-parts_2": {
      "inputs": {
        "nixpkgs-lib": "nixpkgs-lib_2"
      },
      "locked": {
        "lastModified": 1768135262,
        "narHash": "sha256-PVvu7OqHBGWN16zSi6tEmPwwHQ4rLPU9Plvs8/1TUBY=",
        "owner": "hercules-ci",
        "repo": "flake-parts",
        "rev": "80daad04eddbbf5a4d883996a73f3f542fa437ac",
        "type": "github"
      },
      "original": {
        "owner": "hercules-ci",
        "repo": "flake-parts",
        "type": "github"
      }
    },
    "flake-utils": {
      "inputs": {
        "systems": [
          "ethereum-nix",
          "systems"
        ]
      },
      "locked": {
        "lastModified": 1731533236,
        "narHash": "sha256-l0KFg5HjrsfsO/JpG+r7fRrqm12kzFHyUHqHCVpMMbI=",
        "owner": "numtide",
        "repo": "flake-utils",
        "rev": "11707dc2f618dd54ca8739b309ec4fc024de578b",
        "type": "github"
      },
      "original": {
        "owner": "numtide",
        "repo": "flake-utils",
        "type": "github"
      }
    },
    "flake-utils_2": {
      "inputs": {
        "systems": "systems_2"
      },
      "locked": {
        "lastModified": 1731533236,
        "narHash": "sha256-l0KFg5HjrsfsO/JpG+r7fRrqm12kzFHyUHqHCVpMMbI=",
        "owner": "numtide",
        "repo": "flake-utils",
        "rev": "11707dc2f618dd54ca8739b309ec4fc024de578b",
        "type": "github"
      },
      "original": {
        "owner": "numtide",
        "repo": "flake-utils",
        "type": "github"
      }
    },
    "flake-utils_3": {
      "inputs": {
        "systems": "systems_3"
      },
      "locked": {
        "lastModified": 1731533236,
        "narHash": "sha256-l0KFg5HjrsfsO/JpG+r7fRrqm12kzFHyUHqHCVpMMbI=",
        "owner": "numtide",
        "repo": "flake-utils",
        "rev": "11707dc2f618dd54ca8739b309ec4fc024de578b",
        "type": "github"
      },
      "original": {
        "owner": "numtide",
        "repo": "flake-utils",
        "type": "github"
      }
    },
    "foundry-nix": {
      "inputs": {
        "flake-utils": [
          "ethereum-nix",
          "flake-utils"
        ],
        "nixpkgs": [
          "ethereum-nix",
          "nixpkgs"
        ]
      },
      "locked": {
        "lastModified": 1767517855,
        "narHash": "sha256-LnZosb07bahYAyFw07JFzSXslx9j1dCe+npWDZdPFZg=",
        "owner": "shazow",
        "repo": "foundry.nix",
        "rev": "ee376e8a93f537c2865dda9811e748e4567a7aaf",
        "type": "github"
      },
      "original": {
        "owner": "shazow",
        "ref": "monthly",
        "repo": "foundry.nix",
        "type": "github"
      }
    },
    "git-hooks": {
      "inputs": {
        "flake-compat": "flake-compat",
        "gitignore": "gitignore",
        "nixpkgs": "nixpkgs"
      },
      "locked": {
        "lastModified": 1768834646,
        "narHash": "sha256-sZq+qm+Pg1jw+hxncm5LDujLxgPcAop3G55jPSvWhfU=",
        "owner": "cachix",
        "repo": "git-hooks.nix",
        "rev": "2f927757d32bcd2b11e5017bdb9f11fd9719af53",
        "type": "github"
      },
      "original": {
        "owner": "cachix",
        "repo": "git-hooks.nix",
        "type": "github"
      }
    },
    "gitignore": {
      "inputs": {
        "nixpkgs": [
          "git-hooks",
          "nixpkgs"
        ]
      },
      "locked": {
        "lastModified": 1709087332,
        "narHash": "sha256-HG2cCnktfHsKV0s4XW83gU3F57gaTljL9KNSuG6bnQs=",
        "owner": "hercules-ci",
        "repo": "gitignore.nix",
        "rev": "637db329424fd7e46cf4185293b9cc8c88c95394",
        "type": "github"
      },
      "original": {
        "owner": "hercules-ci",
        "repo": "gitignore.nix",
        "type": "github"
      }
    },
    "nix-bitcoin": {
      "inputs": {
        "extra-container": "extra-container",
        "flake-utils": "flake-utils_3",
        "nixpkgs": [
          "nixpkgs"
        ],
        "nixpkgs-25_05": "nixpkgs-25_05",
        "nixpkgs-unstable": "nixpkgs-unstable_2"
      },
      "locked": {
        "lastModified": 1767721199,
        "narHash": "sha256-UzRxDiJlopBGPTjyhCdMP+QdTwXK+l+y45urXCyH69A=",
        "owner": "fort-nix",
        "repo": "nix-bitcoin",
        "rev": "5b532698ce9e8bd79b07d77ab4fc60e1a8408f73",
        "type": "github"
      },
      "original": {
        "owner": "fort-nix",
        "ref": "release",
        "repo": "nix-bitcoin",
        "type": "github"
      }
    },
    "nixpkgs": {
      "locked": {
        "lastModified": 1764947035,
        "narHash": "sha256-EYHSjVM4Ox4lvCXUMiKKs2vETUSL5mx+J2FfutM7T9w=",
        "owner": "NixOS",
        "repo": "nixpkgs",
        "rev": "a672be65651c80d3f592a89b3945466584a22069",
        "type": "github"
      },
      "original": {
        "owner": "NixOS",
        "ref": "nixpkgs-unstable",
        "repo": "nixpkgs",
        "type": "github"
      }
    },
    "nixpkgs-25_05": {
      "locked": {
        "lastModified": 1767051569,
        "narHash": "sha256-0MnuWoN+n1UYaGBIpqpPs9I9ZHW4kynits4mrnh1Pk4=",
        "owner": "NixOS",
        "repo": "nixpkgs",
        "rev": "40ee5e1944bebdd128f9fbada44faefddfde29bd",
        "type": "github"
      },
      "original": {
        "owner": "NixOS",
        "ref": "nixos-25.05",
        "repo": "nixpkgs",
        "type": "github"
      }
    },
    "nixpkgs-lib": {
      "locked": {
        "lastModified": 1765674936,
        "narHash": "sha256-k00uTP4JNfmejrCLJOwdObYC9jHRrr/5M/a/8L2EIdo=",
        "owner": "nix-community",
        "repo": "nixpkgs.lib",
        "rev": "2075416fcb47225d9b68ac469a5c4801a9c4dd85",
        "type": "github"
      },
      "original": {
        "owner": "nix-community",
        "repo": "nixpkgs.lib",
        "type": "github"
      }
    },
    "nixpkgs-lib_2": {
      "locked": {
        "lastModified": 1765674936,
        "narHash": "sha256-k00uTP4JNfmejrCLJOwdObYC9jHRrr/5M/a/8L2EIdo=",
        "owner": "nix-community",
        "repo": "nixpkgs.lib",
        "rev": "2075416fcb47225d9b68ac469a5c4801a9c4dd85",
        "type": "github"
      },
      "original": {
        "owner": "nix-community",
        "repo": "nixpkgs.lib",
        "type": "github"
      }
    },
    "nixpkgs-unstable": {
      "locked": {
        "lastModified": 1768456270,
        "narHash": "sha256-NgaL2CCiUR6nsqUIY4yxkzz07iQUlUCany44CFv+OxY=",
        "owner": "nixos",
        "repo": "nixpkgs",
        "rev": "f4606b01b39e09065df37905a2133905246db9ed",
        "type": "github"
      },
      "original": {
        "owner": "nixos",
        "ref": "nixpkgs-unstable",
        "repo": "nixpkgs",
        "type": "github"
      }
    },
    "nixpkgs-unstable_2": {
      "locked": {
        "lastModified": 1767364772,
        "narHash": "sha256-fFUnEYMla8b7UKjijLnMe+oVFOz6HjijGGNS1l7dYaQ=",
        "owner": "NixOS",
        "repo": "nixpkgs",
        "rev": "16c7794d0a28b5a37904d55bcca36003b9109aaa",
        "type": "github"
      },
      "original": {
        "owner": "NixOS",
        "ref": "nixpkgs-unstable",
        "repo": "nixpkgs",
        "type": "github"
      }
    },
    "nixpkgs_2": {
      "locked": {
        "lastModified": 1768621446,
        "narHash": "sha256-6YwHV1cjv6arXdF/PQc365h1j+Qje3Pydk501Rm4Q+4=",
        "owner": "nixos",
        "repo": "nixpkgs",
        "rev": "72ac591e737060deab2b86d6952babd1f896d7c5",
        "type": "github"
      },
      "original": {
        "owner": "nixos",
        "ref": "nixos-25.11",
        "repo": "nixpkgs",
        "type": "github"
      }
    },
    "root": {
      "inputs": {
        "disko": "disko",
        "ethereum-nix": "ethereum-nix",
        "flake-parts": "flake-parts_2",
        "flake-utils": "flake-utils_2",
        "git-hooks": "git-hooks",
        "nix-bitcoin": "nix-bitcoin",
        "nixpkgs": "nixpkgs_2"
      }
    },
    "systems": {
      "locked": {
        "lastModified": 1681028828,
        "narHash": "sha256-Vy1rq5AaRuLzOxct8nz4T6wlgyUR7zLU309k9mBC768=",
        "owner": "nix-systems",
        "repo": "default",
        "rev": "da67096a3b9bf56a91d16901293e51ba5b49a27e",
        "type": "github"
      },
      "original": {
        "owner": "nix-systems",
        "repo": "default",
        "type": "github"
      }
    },
    "systems_2": {
      "locked": {
        "lastModified": 1681028828,
        "narHash": "sha256-Vy1rq5AaRuLzOxct8nz4T6wlgyUR7zLU309k9mBC768=",
        "owner": "nix-systems",
        "repo": "default",
        "rev": "da67096a3b9bf56a91d16901293e51ba5b49a27e",
        "type": "github"
      },
      "original": {
        "owner": "nix-systems",
        "repo": "default",
        "type": "github"
      }
    },
    "systems_3": {
      "locked": {
        "lastModified": 1681028828,
        "narHash": "sha256-Vy1rq5AaRuLzOxct8nz4T6wlgyUR7zLU309k9mBC768=",
        "owner": "nix-systems",
        "repo": "default",
        "rev": "da67096a3b9bf56a91d16901293e51ba5b49a27e",
        "type": "github"
      },
      "original": {
        "owner": "nix-systems",
        "repo": "default",
        "type": "github"
      }
    },
    "treefmt-nix": {
      "inputs": {
        "nixpkgs": [
          "ethereum-nix",
          "nixpkgs"
        ]
      },
      "locked": {
        "lastModified": 1768158989,
        "narHash": "sha256-67vyT1+xClLldnumAzCTBvU0jLZ1YBcf4vANRWP3+Ak=",
        "owner": "numtide",
        "repo": "treefmt-nix",
        "rev": "e96d59dff5c0d7fddb9d113ba108f03c3ef99eca",
        "type": "github"
      },
      "original": {
        "owner": "numtide",
        "repo": "treefmt-nix",
        "type": "github"
      }
    }
  },
  "root": "root",
  "version": 7
}
